
Microsoft Visual Studio Solution File, Format Version 12.00
# Visual Studio 2013
VisualStudioVersion = 12.0.31101.0
MinimumVisualStudioVersion = 10.0.40219.1
Project("{FAE04EC0-301F-11D3-BF4B-00C04F79EFBC}") = "Sriracha.Server", "Sriracha.Server\Sriracha.Server.csproj", "{725F444F-E9B2-4F71-95F4-CF0A8AEEE437}"
EndProject
Project("{FAE04EC0-301F-11D3-BF4B-00C04F79EFBC}") = "Sriracha.Web", "Sriracha.Web\Sriracha.Web.csproj", "{357491FD-4718-4BB9-ABAD-DA3822737CDC}"
EndProject
Project("{FAE04EC0-301F-11D3-BF4B-00C04F79EFBC}") = "Sriracha.Data", "Sriracha.Data\Sriracha.Data.csproj", "{5B90EB90-BA14-429D-A56A-3E7CE7CBEFAC}"
EndProject
Project("{2150E333-8FDC-42A3-9474-1A3956D46DE8}") = "DeployTasks", "DeployTasks", "{8ED1BB07-5774-448D-BA75-A217541C5CA1}"
EndProject
Project("{FAE04EC0-301F-11D3-BF4B-00C04F79EFBC}") = "Sriracha.DeployRunner", "Sriracha.DeployRunner\Sriracha.DeployRunner.csproj", "{26E3B370-E514-48F3-8979-109421D97AE5}"
	ProjectSection(ProjectDependencies) = postProject
		{67103C45-9AED-4D99-9930-5DFEC91F134A} = {67103C45-9AED-4D99-9930-5DFEC91F134A}
		{330F28D2-4C6B-415B-90FA-0598D24AF074} = {330F28D2-4C6B-415B-90FA-0598D24AF074}
		{E7F6D2DB-0333-4578-BB7F-CD57E7CFECF1} = {E7F6D2DB-0333-4578-BB7F-CD57E7CFECF1}
		{DF138EF6-ACF7-4898-8A95-B3A11FC4EEF0} = {DF138EF6-ACF7-4898-8A95-B3A11FC4EEF0}
	EndProjectSection
EndProject
Project("{FAE04EC0-301F-11D3-BF4B-00C04F79EFBC}") = "Sriracha.Ioc", "Sriracha.Ioc\Sriracha.Ioc.csproj", "{811BDA5D-8CD8-44E7-AD43-E7FF2B294DB2}"
	ProjectSection(ProjectDependencies) = postProject
		{5B7B98B1-A2DE-4312-877A-4AC0F4A690C3} = {5B7B98B1-A2DE-4312-877A-4AC0F4A690C3}
	EndProjectSection
EndProject
Project("{FAE04EC0-301F-11D3-BF4B-00C04F79EFBC}") = "Sriracha.DeployTask.WebApplication", "DeployTask\Sriracha.DeployTask.WebApplication\Sriracha.DeployTask.WebApplication.csproj", "{330F28D2-4C6B-415B-90FA-0598D24AF074}"
EndProject
Project("{FAE04EC0-301F-11D3-BF4B-00C04F79EFBC}") = "Sriracha.DeployTask.Azure", "DeployTask\Sriracha.DeployTask.Azure\Sriracha.DeployTask.Azure.csproj", "{DF138EF6-ACF7-4898-8A95-B3A11FC4EEF0}"
EndProject
Project("{2150E333-8FDC-42A3-9474-1A3956D46DE8}") = "Solution Items", "Solution Items", "{1C409861-C7F4-4084-ABB0-CACDB815EA15}"
	ProjectSection(SolutionItems) = preProject
		build.bat = build.bat
		NugetPackage.bat = NugetPackage.bat
		Sriracha2.build = Sriracha2.build
	EndProjectSection
EndProject
Project("{FAE04EC0-301F-11D3-BF4B-00C04F79EFBC}") = "Sriracha.DeployTask.WindowsService", "DeployTask\Sriracha.DeployTask.WindowsService\Sriracha.DeployTask.WindowsService.csproj", "{E7F6D2DB-0333-4578-BB7F-CD57E7CFECF1}"
EndProject
Project("{FAE04EC0-301F-11D3-BF4B-00C04F79EFBC}") = "Sriracha.DeployTask.Helper.Dropkick", "DeployTask\Sriracha.DeployTask.Helper.Dropkick\Sriracha.DeployTask.Helper.Dropkick.csproj", "{67103C45-9AED-4D99-9930-5DFEC91F134A}"
EndProject
Project("{2150E333-8FDC-42A3-9474-1A3956D46DE8}") = "Repository", "Repository", "{507FF8E7-23A0-475C-BD37-67C7426A98F4}"
EndProject
Project("{2150E333-8FDC-42A3-9474-1A3956D46DE8}") = "LiteDB", "LiteDB", "{9037CD83-E729-4001-94D5-69C3BA84E495}"
EndProject
Project("{FAE04EC0-301F-11D3-BF4B-00C04F79EFBC}") = "Sriracha.Repository.LiteDB", "Repository\LiteDB\Sriracha.Repository.LiteDB\Sriracha.Repository.LiteDB.csproj", "{5B7B98B1-A2DE-4312-877A-4AC0F4A690C3}"
EndProject
Project("{FAE04EC0-301F-11D3-BF4B-00C04F79EFBC}") = "Sriracha.Publisher", "Sriracha.Publisher\Sriracha.Publisher.csproj", "{28299FD5-E570-44B1-95F1-9A3D7A1260B0}"
EndProject
Project("{FAE04EC0-301F-11D3-BF4B-00C04F79EFBC}") = "Sriracha.ApiDto", "Sriracha.ApiDto\Sriracha.ApiDto.csproj", "{DD185CE6-8E95-4AA1-8EC7-69783DAA3BF5}"
EndProject
Global
	GlobalSection(SolutionConfigurationPlatforms) = preSolution
		Debug|Any CPU = Debug|Any CPU
		Release|Any CPU = Release|Any CPU
	EndGlobalSection
	GlobalSection(ProjectConfigurationPlatforms) = postSolution
		{725F444F-E9B2-4F71-95F4-CF0A8AEEE437}.Debug|Any CPU.ActiveCfg = Debug|Any CPU
		{725F444F-E9B2-4F71-95F4-CF0A8AEEE437}.Debug|Any CPU.Build.0 = Debug|Any CPU
		{725F444F-E9B2-4F71-95F4-CF0A8AEEE437}.Release|Any CPU.ActiveCfg = Release|Any CPU
		{725F444F-E9B2-4F71-95F4-CF0A8AEEE437}.Release|Any CPU.Build.0 = Release|Any CPU
		{357491FD-4718-4BB9-ABAD-DA3822737CDC}.Debug|Any CPU.ActiveCfg = Debug|Any CPU
		{357491FD-4718-4BB9-ABAD-DA3822737CDC}.Debug|Any CPU.Build.0 = Debug|Any CPU
		{357491FD-4718-4BB9-ABAD-DA3822737CDC}.Release|Any CPU.ActiveCfg = Release|Any CPU
		{357491FD-4718-4BB9-ABAD-DA3822737CDC}.Release|Any CPU.Build.0 = Release|Any CPU
		{5B90EB90-BA14-429D-A56A-3E7CE7CBEFAC}.Debug|Any CPU.ActiveCfg = Debug|Any CPU
		{5B90EB90-BA14-429D-A56A-3E7CE7CBEFAC}.Debug|Any CPU.Build.0 = Debug|Any CPU
		{5B90EB90-BA14-429D-A56A-3E7CE7CBEFAC}.Release|Any CPU.ActiveCfg = Release|Any CPU
		{5B90EB90-BA14-429D-A56A-3E7CE7CBEFAC}.Release|Any CPU.Build.0 = Release|Any CPU
		{26E3B370-E514-48F3-8979-109421D97AE5}.Debug|Any CPU.ActiveCfg = Debug|Any CPU
		{26E3B370-E514-48F3-8979-109421D97AE5}.Debug|Any CPU.Build.0 = Debug|Any CPU
		{26E3B370-E514-48F3-8979-109421D97AE5}.Release|Any CPU.ActiveCfg = Release|Any CPU
		{26E3B370-E514-48F3-8979-109421D97AE5}.Release|Any CPU.Build.0 = Release|Any CPU
		{811BDA5D-8CD8-44E7-AD43-E7FF2B294DB2}.Debug|Any CPU.ActiveCfg = Debug|Any CPU
		{811BDA5D-8CD8-44E7-AD43-E7FF2B294DB2}.Debug|Any CPU.Build.0 = Debug|Any CPU
		{811BDA5D-8CD8-44E7-AD43-E7FF2B294DB2}.Release|Any CPU.ActiveCfg = Release|Any CPU
		{811BDA5D-8CD8-44E7-AD43-E7FF2B294DB2}.Release|Any CPU.Build.0 = Release|Any CPU
		{330F28D2-4C6B-415B-90FA-0598D24AF074}.Debug|Any CPU.ActiveCfg = Debug|Any CPU
		{330F28D2-4C6B-415B-90FA-0598D24AF074}.Debug|Any CPU.Build.0 = Debug|Any CPU
		{330F28D2-4C6B-415B-90FA-0598D24AF074}.Release|Any CPU.ActiveCfg = Release|Any CPU
		{330F28D2-4C6B-415B-90FA-0598D24AF074}.Release|Any CPU.Build.0 = Release|Any CPU
		{DF138EF6-ACF7-4898-8A95-B3A11FC4EEF0}.Debug|Any CPU.ActiveCfg = Debug|Any CPU
		{DF138EF6-ACF7-4898-8A95-B3A11FC4EEF0}.Debug|Any CPU.Build.0 = Debug|Any CPU
		{DF138EF6-ACF7-4898-8A95-B3A11FC4EEF0}.Release|Any CPU.ActiveCfg = Release|Any CPU
		{DF138EF6-ACF7-4898-8A95-B3A11FC4EEF0}.Release|Any CPU.Build.0 = Release|Any CPU
		{E7F6D2DB-0333-4578-BB7F-CD57E7CFECF1}.Debug|Any CPU.ActiveCfg = Debug|Any CPU
		{E7F6D2DB-0333-4578-BB7F-CD57E7CFECF1}.Debug|Any CPU.Build.0 = Debug|Any CPU
		{E7F6D2DB-0333-4578-BB7F-CD57E7CFECF1}.Release|Any CPU.ActiveCfg = Release|Any CPU
		{E7F6D2DB-0333-4578-BB7F-CD57E7CFECF1}.Release|Any CPU.Build.0 = Release|Any CPU
		{67103C45-9AED-4D99-9930-5DFEC91F134A}.Debug|Any CPU.ActiveCfg = Debug|Any CPU
		{67103C45-9AED-4D99-9930-5DFEC91F134A}.Debug|Any CPU.Build.0 = Debug|Any CPU
		{67103C45-9AED-4D99-9930-5DFEC91F134A}.Release|Any CPU.ActiveCfg = Release|Any CPU
		{67103C45-9AED-4D99-9930-5DFEC91F134A}.Release|Any CPU.Build.0 = Release|Any CPU
		{5B7B98B1-A2DE-4312-877A-4AC0F4A690C3}.Debug|Any CPU.ActiveCfg = Debug|Any CPU
		{5B7B98B1-A2DE-4312-877A-4AC0F4A690C3}.Debug|Any CPU.Build.0 = Debug|Any CPU
		{5B7B98B1-A2DE-4312-877A-4AC0F4A690C3}.Release|Any CPU.ActiveCfg = Release|Any CPU
		{5B7B98B1-A2DE-4312-877A-4AC0F4A690C3}.Release|Any CPU.Build.0 = Release|Any CPU
		{28299FD5-E570-44B1-95F1-9A3D7A1260B0}.Debug|Any CPU.ActiveCfg = Debug|Any CPU
		{28299FD5-E570-44B1-95F1-9A3D7A1260B0}.Release|Any CPU.ActiveCfg = Release|Any CPU
		{DD185CE6-8E95-4AA1-8EC7-69783DAA3BF5}.Debug|Any CPU.ActiveCfg = Debug|Any CPU
		{DD185CE6-8E95-4AA1-8EC7-69783DAA3BF5}.Debug|Any CPU.Build.0 = Debug|Any CPU
		{DD185CE6-8E95-4AA1-8EC7-69783DAA3BF5}.Release|Any CPU.ActiveCfg = Release|Any CPU
		{DD185CE6-8E95-4AA1-8EC7-69783DAA3BF5}.Release|Any CPU.Build.0 = Release|Any CPU
	EndGlobalSection
	GlobalSection(SolutionProperties) = preSolution
		HideSolutionNode = FALSE
	EndGlobalSection
	GlobalSection(NestedProjects) = preSolution
		{330F28D2-4C6B-415B-90FA-0598D24AF074} = {8ED1BB07-5774-448D-BA75-A217541C5CA1}
		{DF138EF6-ACF7-4898-8A95-B3A11FC4EEF0} = {8ED1BB07-5774-448D-BA75-A217541C5CA1}
		{E7F6D2DB-0333-4578-BB7F-CD57E7CFECF1} = {8ED1BB07-5774-448D-BA75-A217541C5CA1}
		{67103C45-9AED-4D99-9930-5DFEC91F134A} = {8ED1BB07-5774-448D-BA75-A217541C5CA1}
		{9037CD83-E729-4001-94D5-69C3BA84E495} = {507FF8E7-23A0-475C-BD37-67C7426A98F4}
		{5B7B98B1-A2DE-4312-877A-4AC0F4A690C3} = {9037CD83-E729-4001-94D5-69C3BA84E495}
	EndGlobalSection
EndGlobal
